// !$*UTF8*$!
{
	archiveVersion = 1;
	classes = {
	};
	objectVersion = 51;
	objects = {

/* Begin PBXBuildFile section */
		2DD0D357CB7A23856D27E4D4 /* Pods_ChenCodesPulsingAnimation.framework in Frameworks */ = {isa = PBXBuildFile; fileRef = 605FF927250E03E5FF510380 /* Pods_ChenCodesPulsingAnimation.framework */; };
		BA50C82D23FF74BC0016039C /* PulsingView.swift in Sources */ = {isa = PBXBuildFile; fileRef = BA50C82C23FF74BC0016039C /* PulsingView.swift */; };
		BA524CB023FF731D00BCA8BD /* AppDelegate.swift in Sources */ = {isa = PBXBuildFile; fileRef = BA524CAF23FF731D00BCA8BD /* AppDelegate.swift */; };
		BA524CB223FF731D00BCA8BD /* SceneDelegate.swift in Sources */ = {isa = PBXBuildFile; fileRef = BA524CB123FF731D00BCA8BD /* SceneDelegate.swift */; };
		BA524CB423FF731D00BCA8BD /* ViewController.swift in Sources */ = {isa = PBXBuildFile; fileRef = BA524CB323FF731D00BCA8BD /* ViewController.swift */; };
		BA524CB723FF731D00BCA8BD /* Main.storyboard in Resources */ = {isa = PBXBuildFile; fileRef = BA524CB523FF731D00BCA8BD /* Main.storyboard */; };
		BA524CB923FF731E00BCA8BD /* Assets.xcassets in Resources */ = {isa = PBXBuildFile; fileRef = BA524CB823FF731E00BCA8BD /* Assets.xcassets */; };
		BA524CBC23FF731E00BCA8BD /* LaunchScreen.storyboard in Resources */ = {isa = PBXBuildFile; fileRef = BA524CBA23FF731E00BCA8BD /* LaunchScreen.storyboard */; };
/* End PBXBuildFile section */

/* Begin PBXFileReference section */
		605FF927250E03E5FF510380 /* Pods_ChenCodesPulsingAnimation.framework */ = {isa = PBXFileReference; explicitFileType = wrapper.framework; includeInIndex = 0; path = Pods_ChenCodesPulsingAnimation.framework; sourceTree = BUILT_PRODUCTS_DIR; };
		BA50C82C23FF74BC0016039C /* PulsingView.swift */ = {isa = PBXFileReference; lastKnownFileType = sourcecode.swift; path = PulsingView.swift; sourceTree = "<group>"; };
		BA524CAC23FF731D00BCA8BD /* ChenCodesPulsingAnimation.app */ = {isa = PBXFileReference; explicitFileType = wrapper.application; includeInIndex = 0; path = ChenCodesPulsingAnimation.app; sourceTree = BUILT_PRODUCTS_DIR; };
		BA524CAF23FF731D00BCA8BD /* AppDelegate.swift */ = {isa = PBXFileReference; lastKnownFileType = sourcecode.swift; path = AppDelegate.swift; sourceTree = "<group>"; };
		BA524CB123FF731D00BCA8BD /* SceneDelegate.swift */ = {isa = PBXFileReference; lastKnownFileType = sourcecode.swift; path = SceneDelegate.swift; sourceTree = "<group>"; };
		BA524CB323FF731D00BCA8BD /* ViewController.swift */ = {isa = PBXFileReference; lastKnownFileType = sourcecode.swift; path = ViewController.swift; sourceTree = "<group>"; };
		BA524CB623FF731D00BCA8BD /* Base */ = {isa = PBXFileReference; lastKnownFileType = file.storyboard; name = Base; path = Base.lproj/Main.storyboard; sourceTree = "<group>"; };
		BA524CB823FF731E00BCA8BD /* Assets.xcassets */ = {isa = PBXFileReference; lastKnownFileType = folder.assetcatalog; path = Assets.xcassets; sourceTree = "<group>"; };
		BA524CBB23FF731E00BCA8BD /* Base */ = {isa = PBXFileReference; lastKnownFileType = file.storyboard; name = Base; path = Base.lproj/LaunchScreen.storyboard; sourceTree = "<group>"; };
		BA524CBD23FF731E00BCA8BD /* Info.plist */ = {isa = PBXFileReference; lastKnownFileType = text.plist.xml; path = Info.plist; sourceTree = "<group>"; };
		C5E6299ABA84CFE8AE1D3CD8 /* Pods-ChenCodesPulsingAnimation.debug.xcconfig */ = {isa = PBXFileReference; includeInIndex = 1; lastKnownFileType = text.xcconfig; name = "Pods-ChenCodesPulsingAnimation.debug.xcconfig"; path = "Target Support Files/Pods-ChenCodesPulsingAnimation/Pods-ChenCodesPulsingAnimation.debug.xcconfig"; sourceTree = "<group>"; };
		FCA4D2C45981F58CC18AA926 /* Pods-ChenCodesPulsingAnimation.release.xcconfig */ = {isa = PBXFileReference; includeInIndex = 1; lastKnownFileType = text.xcconfig; name = "Pods-ChenCodesPulsingAnimation.release.xcconfig"; path = "Target Support Files/Pods-ChenCodesPulsingAnimation/Pods-ChenCodesPulsingAnimation.release.xcconfig"; sourceTree = "<group>"; };
/* End PBXFileReference section */

/* Begin PBXFrameworksBuildPhase section */
		BA524CA923FF731D00BCA8BD /* Frameworks */ = {
			isa = PBXFrameworksBuildPhase;
			buildActionMask = 2147483647;
			files = (
				2DD0D357CB7A23856D27E4D4 /* Pods_ChenCodesPulsingAnimation.framework in Frameworks */,
			);
			runOnlyForDeploymentPostprocessing = 0;
		};
/* End PBXFrameworksBuildPhase section */

/* Begin PBXGroup section */
		66CBF1DF6F89FA7301A715D3 /* Pods */ = {
			isa = PBXGroup;
			children = (
				C5E6299ABA84CFE8AE1D3CD8 /* Pods-ChenCodesPulsingAnimation.debug.xcconfig */,
				FCA4D2C45981F58CC18AA926 /* Pods-ChenCodesPulsingAnimation.release.xcconfig */,
			);
			path = Pods;
			sourceTree = "<group>";
		};
		BA524CA323FF731D00BCA8BD = {
			isa = PBXGroup;
			children = (
				BA524CAE23FF731D00BCA8BD /* ChenCodesPulsingAnimation */,
				BA524CAD23FF731D00BCA8BD /* Products */,
				66CBF1DF6F89FA7301A715D3 /* Pods */,
				D9CCF140E0075F1136AF38BF /* Frameworks */,
			);
			sourceTree = "<group>";
		};
		BA524CAD23FF731D00BCA8BD /* Products */ = {
			isa = PBXGroup;
			children = (
				BA524CAC23FF731D00BCA8BD /* ChenCodesPulsingAnimation.app */,
			);
			name = Products;
			sourceTree = "<group>";
		};
		BA524CAE23FF731D00BCA8BD /* ChenCodesPulsingAnimation */ = {
			isa = PBXGroup;
			children = (
				BA524CAF23FF731D00BCA8BD /* AppDelegate.swift */,
				BA524CB123FF731D00BCA8BD /* SceneDelegate.swift */,
				BA524CB323FF731D00BCA8BD /* ViewController.swift */,
				BA50C82C23FF74BC0016039C /* PulsingView.swift */,
				BA524CB523FF731D00BCA8BD /* Main.storyboard */,
				BA524CB823FF731E00BCA8BD /* Assets.xcassets */,
				BA524CBA23FF731E00BCA8BD /* LaunchScreen.storyboard */,
				BA524CBD23FF731E00BCA8BD /* Info.plist */,
			);
			path = ChenCodesPulsingAnimation;
			sourceTree = "<group>";
		};
		D9CCF140E0075F1136AF38BF /* Frameworks */ = {
			isa = PBXGroup;
			children = (
				605FF927250E03E5FF510380 /* Pods_ChenCodesPulsingAnimation.framework */,
			);
			name = Frameworks;
			sourceTree = "<group>";
		};
/* End PBXGroup section */

/* Begin PBXNativeTarget section */
		BA524CAB23FF731D00BCA8BD /* ChenCodesPulsingAnimation */ = {
			isa = PBXNativeTarget;
			buildConfigurationList = BA524CC023FF731E00BCA8BD /* Build configuration list for PBXNativeTarget "ChenCodesPulsingAnimation" */;
			buildPhases = (
				A2B9370F018C0DA511E39E9E /* [CP] Check Pods Manifest.lock */,
				BA524CA823FF731D00BCA8BD /* Sources */,
				BA524CA923FF731D00BCA8BD /* Frameworks */,
				BA524CAA23FF731D00BCA8BD /* Resources */,
				EF27530E871EB93E8317F3E0 /* [CP] Embed Pods Frameworks */,
			);
			buildRules = (
			);
			dependencies = (
			);
			name = ChenCodesPulsingAnimation;
			productName = ChenCodesPulsingAnimation;
			productReference = BA524CAC23FF731D00BCA8BD /* ChenCodesPulsingAnimation.app */;
			productType = "com.apple.product-type.application";
		};
/* End PBXNativeTarget section */

/* Begin PBXProject section */
		BA524CA423FF731D00BCA8BD /* Project object */ = {
			isa = PBXProject;
			attributes = {
				LastSwiftUpdateCheck = 1130;
				LastUpgradeCheck = 1130;
				ORGANIZATIONNAME = "Chen Codes";
				TargetAttributes = {
					BA524CAB23FF731D00BCA8BD = {
						CreatedOnToolsVersion = 11.3;
					};
				};
			};
			buildConfigurationList = BA524CA723FF731D00BCA8BD /* Build configuration list for PBXProject "ChenCodesPulsingAnimation" */;
			compatibilityVersion = "Xcode 9.3";
			developmentRegion = en;
			hasScannedForEncodings = 0;
			knownRegions = (
				en,
				Base,
			);
			mainGroup = BA524CA323FF731D00BCA8BD;
			productRefGroup = BA524CAD23FF731D00BCA8BD /* Products */;
			projectDirPath = "";
			projectRoot = "";
			targets = (
				BA524CAB23FF731D00BCA8BD /* ChenCodesPulsingAnimation */,
			);
		};
/* End PBXProject section */

/* Begin PBXResourcesBuildPhase section */
		BA524CAA23FF731D00BCA8BD /* Resources */ = {
			isa = PBXResourcesBuildPhase;
			buildActionMask = 2147483647;
			files = (
				BA524CBC23FF731E00BCA8BD /* LaunchScreen.storyboard in Resources */,
				BA524CB923FF731E00BCA8BD /* Assets.xcassets in Resources */,
				BA524CB723FF731D00BCA8BD /* Main.storyboard in Resources */,
			);
			runOnlyForDeploymentPostprocessing = 0;
		};
/* End PBXResourcesBuildPhase section */

/* Begin PBXShellScriptBuildPhase section */
		A2B9370F018C0DA511E39E9E /* [CP] Check Pods Manifest.lock */ = {
			isa = PBXShellScriptBuildPhase;
			buildActionMask = 2147483647;
			files = (
			);
			inputFileListPaths = (
			);
			inputPaths = (
				"${PODS_PODFILE_DIR_PATH}/Podfile.lock",
				"${PODS_ROOT}/Manifest.lock",
			);
			name = "[CP] Check Pods Manifest.lock";
			outputFileListPaths = (
			);
			outputPaths = (
				"$(DERIVED_FILE_DIR)/Pods-ChenCodesPulsingAnimation-checkManifestLockResult.txt",
			);
			runOnlyForDeploymentPostprocessing = 0;
			shellPath = /bin/sh;
			shellScript = "diff \"${PODS_PODFILE_DIR_PATH}/Podfile.lock\" \"${PODS_ROOT}/Manifest.lock\" > /dev/null\nif [ $? != 0 ] ; then\n    # print error to STDERR\n    echo \"error: The sandbox is not in sync with the Podfile.lock. Run 'pod install' or update your CocoaPods installation.\" >&2\n    exit 1\nfi\n# This output is used by Xcode 'outputs' to avoid re-running this script phase.\necho \"SUCCESS\" > \"${SCRIPT_OUTPUT_FILE_0}\"\n";
			showEnvVarsInLog = 0;
		};
		EF27530E871EB93E8317F3E0 /* [CP] Embed Pods Frameworks */ = {
			isa = PBXShellScriptBuildPhase;
			buildActionMask = 2147483647;
			files = (
			);
			inputFileListPaths = (
				"${PODS_ROOT}/Target Support Files/Pods-ChenCodesPulsingAnimation/Pods-ChenCodesPulsingAnimation-frameworks-${CONFIGURATION}-input-files.xcfilelist",
			);
			name = "[CP] Embed Pods Frameworks";
			outputFileListPaths = (
				"${PODS_ROOT}/Target Support Files/Pods-ChenCodesPulsingAnimation/Pods-ChenCodesPulsingAnimation-frameworks-${CONFIGURATION}-output-files.xcfilelist",
			);
			runOnlyForDeploymentPostprocessing = 0;
			shellPath = /bin/sh;
			shellScript = "\"${PODS_ROOT}/Target Support Files/Pods-ChenCodesPulsingAnimation/Pods-ChenCodesPulsingAnimation-frameworks.sh\"\n";
			showEnvVarsInLog = 0;
		};
/* End PBXShellScriptBuildPhase section */

/* Begin PBXSourcesBuildPhase section */
		BA524CA823FF731D00BCA8BD /* Sources */ = {
			isa = PBXSourcesBuildPhase;
			buildActionMask = 2147483647;
			files = (
				BA524CB423FF731D00BCA8BD /* ViewController.swift in Sources */,
				BA50C82D23FF74BC0016039C /* PulsingView.swift in Sources */,
				BA524CB023FF731D00BCA8BD /* AppDelegate.swift in Sources */,
				BA524CB223FF731D00BCA8BD /* SceneDelegate.swift in Sources */,
			);
			runOnlyForDeploymentPostprocessing = 0;
		};
/* End PBXSourcesBuildPhase section */

/* Begin PBXVariantGroup section */
		BA524CB523FF731D00BCA8BD /* Main.storyboard */ = {
			isa = PBXVariantGroup;
			children = (
				BA524CB623FF731D00BCA8BD /* Base */,
			);
			name = Main.storyboard;
			sourceTree = "<group>";
		};
		BA524CBA23FF731E00BCA8BD /* LaunchScreen.storyboard */ = {
			isa = PBXVariantGroup;
			children = (
				BA524CBB23FF731E00BCA8BD /* Base */,
			);
			name = LaunchScreen.storyboard;
			sourceTree = "<group>";
		};
/* End PBXVariantGroup section */

/* Begin XCBuildConfiguration section */
		BA524CBE23FF731E00BCA8BD /* Debug */ = {
			isa = XCBuildConfiguration;
			buildSettings = {
				ALWAYS_SEARCH_USER_PATHS = NO;
				CLANG_ANALYZER_NONNULL = YES;
				CLANG_ANALYZER_NUMBER_OBJECT_CONVERSION = YES_AGGRESSIVE;
				CLANG_CXX_LANGUAGE_STANDARD = "gnu++14";
				CLANG_CXX_LIBRARY = "libc++";
				CLANG_ENABLE_MODULES = YES;
				CLANG_ENABLE_OBJC_ARC = YES;
				CLANG_ENABLE_OBJC_WEAK = YES;
				CLANG_WARN_BLOCK_CAPTURE_AUTORELEASING = YES;
				CLANG_WARN_BOOL_CONVERSION = YES;
				CLANG_WARN_COMMA = YES;
				CLANG_WARN_CONSTANT_CONVERSION = YES;
				CLANG_WARN_DEPRECATED_OBJC_IMPLEMENTATIONS = YES;
				CLANG_WARN_DIRECT_OBJC_ISA_USAGE = YES_ERROR;
				CLANG_WARN_DOCUMENTATION_COMMENTS = YES;
				CLANG_WARN_EMPTY_BODY = YES;
				CLANG_WARN_ENUM_CONVERSION = YES;
				CLANG_WARN_INFINITE_RECURSION = YES;
				CLANG_WARN_INT_CONVERSION = YES;
				CLANG_WARN_NON_LITERAL_NULL_CONVERSION = YES;
				CLANG_WARN_OBJC_IMPLICIT_RETAIN_SELF = YES;
				CLANG_WARN_OBJC_LITERAL_CONVERSION = YES;
				CLANG_WARN_OBJC_ROOT_CLASS = YES_ERROR;
				CLANG_WARN_RANGE_LOOP_ANALYSIS = YES;
				CLANG_WARN_STRICT_PROTOTYPES = YES;
				CLANG_WARN_SUSPICIOUS_MOVE = YES;
				CLANG_WARN_UNGUARDED_AVAILABILITY = YES_AGGRESSIVE;
				CLANG_WARN_UNREACHABLE_CODE = YES;
				CLANG_WARN__DUPLICATE_METHOD_MATCH = YES;
				COPY_PHASE_STRIP = NO;
				DEBUG_INFORMATION_FORMAT = dwarf;
				ENABLE_STRICT_OBJC_MSGSEND = YES;
				ENABLE_TESTABILITY = YES;
				GCC_C_LANGUAGE_STANDARD = gnu11;
				GCC_DYNAMIC_NO_PIC = NO;
				GCC_NO_COMMON_BLOCKS = YES;
				GCC_OPTIMIZATION_LEVEL = 0;
				GCC_PREPROCESSOR_DEFINITIONS = (
					"DEBUG=1",
					"$(inherited)",
				);
				GCC_WARN_64_TO_32_BIT_CONVERSION = YES;
				GCC_WARN_ABOUT_RETURN_TYPE = YES_ERROR;
				GCC_WARN_UNDECLARED_SELECTOR = YES;
				GCC_WARN_UNINITIALIZED_AUTOS = YES_AGGRESSIVE;
				GCC_WARN_UNUSED_FUNCTION = YES;
				GCC_WARN_UNUSED_VARIABLE = YES;
				IPHONEOS_DEPLOYMENT_TARGET = 13.2;
				MTL_ENABLE_DEBUG_INFO = INCLUDE_SOURCE;
				MTL_FAST_MATH = YES;
				ONLY_ACTIVE_ARCH = YES;
				SDKROOT = iphoneos;
				SWIFT_ACTIVE_COMPILATION_CONDITIONS = DEBUG;
				SWIFT_OPTIMIZATION_LEVEL = "-Onone";
			};
			name = Debug;
		};
		BA524CBF23FF731E00BCA8BD /* Release */ = {
			isa = XCBuildConfiguration;
			buildSettings = {
				ALWAYS_SEARCH_USER_PATHS = NO;
				CLANG_ANALYZER_NONNULL = YES;
				CLANG_ANALYZER_NUMBER_OBJECT_CONVERSION = YES_AGGRESSIVE;
				CLANG_CXX_LANGUAGE_STANDARD = "gnu++14";
				CLANG_CXX_LIBRARY = "libc++";
				CLANG_ENABLE_MODULES = YES;
				CLANG_ENABLE_OBJC_ARC = YES;
				CLANG_ENABLE_OBJC_WEAK = YES;
				CLANG_WARN_BLOCK_CAPTURE_AUTORELEASING = YES;
				CLANG_WARN_BOOL_CONVERSION = YES;
				CLANG_WARN_COMMA = YES;
				CLANG_WARN_CONSTANT_CONVERSION = YES;
				CLANG_WARN_DEPRECATED_OBJC_IMPLEMENTATIONS = YES;
				CLANG_WARN_DIRECT_OBJC_ISA_USAGE = YES_ERROR;
				CLANG_WARN_DOCUMENTATION_COMMENTS = YES;
				CLANG_WARN_EMPTY_BODY = YES;
				CLANG_WARN_ENUM_CONVERSION = YES;
				CLANG_WARN_INFINITE_RECURSION = YES;
				CLANG_WARN_INT_CONVERSION = YES;
				CLANG_WARN_NON_LITERAL_NULL_CONVERSION = YES;
				CLANG_WARN_OBJC_IMPLICIT_RETAIN_SELF = YES;
				CLANG_WARN_OBJC_LITERAL_CONVERSION = YES;
				CLANG_WARN_OBJC_ROOT_CLASS = YES_ERROR;
				CLANG_WARN_RANGE_LOOP_ANALYSIS = YES;
				CLANG_WARN_STRICT_PROTOTYPES = YES;
				CLANG_WARN_SUSPICIOUS_MOVE = YES;
				CLANG_WARN_UNGUARDED_AVAILABILITY = YES_AGGRESSIVE;
				CLANG_WARN_UNREACHABLE_CODE = YES;
				CLANG_WARN__DUPLICATE_METHOD_MATCH = YES;
				COPY_PHASE_STRIP = NO;
				DEBUG_INFORMATION_FORMAT = "dwarf-with-dsym";
				ENABLE_NS_ASSERTIONS = NO;
				ENABLE_STRICT_OBJC_MSGSEND = YES;
				GCC_C_LANGUAGE_STANDARD = gnu11;
				GCC_NO_COMMON_BLOCKS = YES;
				GCC_WARN_64_TO_32_BIT_CONVERSION = YES;
				GCC_WARN_ABOUT_RETURN_TYPE = YES_ERROR;
				GCC_WARN_UNDECLARED_SELECTOR = YES;
				GCC_WARN_UNINITIALIZED_AUTOS = YES_AGGRESSIVE;
				GCC_WARN_UNUSED_FUNCTION = YES;
				GCC_WARN_UNUSED_VARIABLE = YES;
				IPHONEOS_DEPLOYMENT_TARGET = 13.2;
				MTL_ENABLE_DEBUG_INFO = NO;
				MTL_FAST_MATH = YES;
				SDKROOT = iphoneos;
				SWIFT_COMPILATION_MODE = wholemodule;
				SWIFT_OPTIMIZATION_LEVEL = "-O";
				VALIDATE_PRODUCT = YES;
			};
			name = Release;
		};
		BA524CC123FF731E00BCA8BD /* Debug */ = {
			isa = XCBuildConfiguration;
			baseConfigurationReference = C5E6299ABA84CFE8AE1D3CD8 /* Pods-ChenCodesPulsingAnimation.debug.xcconfig */;
			buildSettings = {
				ASSETCATALOG_COMPILER_APPICON_NAME = AppIcon;
				CODE_SIGN_STYLE = Automatic;
				INFOPLIST_FILE = ChenCodesPulsingAnimation/Info.plist;
				LD_RUNPATH_SEARCH_PATHS = (
					"$(inherited)",
					"@executable_path/Frameworks",
				);
				PRODUCT_BUNDLE_IDENTIFIER = com.ChenCodes.ChenCodesPulsingAnimation;
				PRODUCT_NAME = "$(TARGET_NAME)";
				SWIFT_VERSION = 5.0;
				TARGETED_DEVICE_FAMILY = "1,2";
			};
			name = Debug;
		};
		BA524CC223FF731E00BCA8BD /* Release */ = {
			isa = XCBuildConfiguration;
			baseConfigurationReference = FCA4D2C45981F58CC18AA926 /* Pods-ChenCodesPulsingAnimation.release.xcconfig */;
			buildSettings = {
				ASSETCATALOG_COMPILER_APPICON_NAME = AppIcon;
				CODE_SIGN_STYLE = Automatic;
				INFOPLIST_FILE = ChenCodesPulsingAnimation/Info.plist;
				LD_RUNPATH_SEARCH_PATHS = (
					"$(inherited)",
					"@executable_path/Frameworks",
				);
				PRODUCT_BUNDLE_IDENTIFIER = com.ChenCodes.ChenCodesPulsingAnimation;
				PRODUCT_NAME = "$(TARGET_NAME)";
				SWIFT_VERSION = 5.0;
				TARGETED_DEVICE_FAMILY = "1,2";
			};
			name = Release;
		};
/* End XCBuildConfiguration section */

/* Begin XCConfigurationList section */
		BA524CA723FF731D00BCA8BD /* Build configuration list for PBXProject "ChenCodesPulsingAnimation" */ = {
			isa = XCConfigurationList;
			buildConfigurations = (
				BA524CBE23FF731E00BCA8BD /* Debug */,
				BA524CBF23FF731E00BCA8BD /* Release */,
			);
			defaultConfigurationIsVisible = 0;
			defaultConfigurationName = Release;
		};
		BA524CC023FF731E00BCA8BD /* Build configuration list for PBXNativeTarget "ChenCodesPulsingAnimation" */ = {
			isa = XCConfigurationList;
			buildConfigurations = (
				BA524CC123FF731E00BCA8BD /* Debug */,
				BA524CC223FF731E00BCA8BD /* Release */,
			);
			defaultConfigurationIsVisible = 0;
			defaultConfigurationName = Release;
		};
/* End XCConfigurationList section */
	};
	rootObject = BA524CA423FF731D00BCA8BD /* Project object */;
}
